// !$*UTF8*$!
{
	archiveVersion = 1;
	classes = {
	};
	objectVersion = 46;
	objects = {

/* Begin PBXBuildFile section */
		33EED5112030F54300FAFADB /* ImageImporterViewController.swift in Sources */ = {isa = PBXBuildFile; fileRef = 33EED5102030F54300FAFADB /* ImageImporterViewController.swift */; };
		3F0B7BC12005B474005BC1CC /* AppDelegate.swift in Sources */ = {isa = PBXBuildFile; fileRef = 3F0B7BC02005B474005BC1CC /* AppDelegate.swift */; };
		3F0B7BC32005B474005BC1CC /* FirstViewController.swift in Sources */ = {isa = PBXBuildFile; fileRef = 3F0B7BC22005B474005BC1CC /* FirstViewController.swift */; };
		3F0B7BC52005B474005BC1CC /* SecondViewController.swift in Sources */ = {isa = PBXBuildFile; fileRef = 3F0B7BC42005B474005BC1CC /* SecondViewController.swift */; };
		3F0B7BC82005B474005BC1CC /* Main.storyboard in Resources */ = {isa = PBXBuildFile; fileRef = 3F0B7BC62005B474005BC1CC /* Main.storyboard */; };
		3F0B7BCA2005B474005BC1CC /* Assets.xcassets in Resources */ = {isa = PBXBuildFile; fileRef = 3F0B7BC92005B474005BC1CC /* Assets.xcassets */; };
		3F0B7BCD2005B474005BC1CC /* LaunchScreen.storyboard in Resources */ = {isa = PBXBuildFile; fileRef = 3F0B7BCB2005B474005BC1CC /* LaunchScreen.storyboard */; };
		3F1CC9D2201837B0007F0F89 /* CreatePostViewController.swift in Sources */ = {isa = PBXBuildFile; fileRef = 3F1CC9D1201837B0007F0F89 /* CreatePostViewController.swift */; };
		3F2AD06C200EAA450053136F /* HomeTableViewController.swift in Sources */ = {isa = PBXBuildFile; fileRef = 3F2AD06B200EAA450053136F /* HomeTableViewController.swift */; };
		3F63457A202293490089F29F /* CreateClubViewController.swift in Sources */ = {isa = PBXBuildFile; fileRef = 3F634579202293490089F29F /* CreateClubViewController.swift */; };
		3F6D3DAF20166CA50030D95D /* UserTableViewController.swift in Sources */ = {isa = PBXBuildFile; fileRef = 3F6D3DAE20166CA50030D95D /* UserTableViewController.swift */; };
		3F6D3DB120166DBC0030D95D /* UserTableViewCell.swift in Sources */ = {isa = PBXBuildFile; fileRef = 3F6D3DB020166DBC0030D95D /* UserTableViewCell.swift */; };
		3F859368202A5A5B00DA2E76 /* ThirdViewController.swift in Sources */ = {isa = PBXBuildFile; fileRef = 3F859367202A5A5B00DA2E76 /* ThirdViewController.swift */; };
		3F9D9CB92033E24E002B94C9 /* DiscoverViewController.swift in Sources */ = {isa = PBXBuildFile; fileRef = 3F9D9CB82033E24E002B94C9 /* DiscoverViewController.swift */; };
		3F9D9CBB2033E262002B94C9 /* DiscoverCollectionViewCell.swift in Sources */ = {isa = PBXBuildFile; fileRef = 3F9D9CBA2033E262002B94C9 /* DiscoverCollectionViewCell.swift */; };
		3F9D9CBD2033EB41002B94C9 /* ClubInformationViewController.swift in Sources */ = {isa = PBXBuildFile; fileRef = 3F9D9CBC2033EB41002B94C9 /* ClubInformationViewController.swift */; };
		3FC2FDBA200F00D40006D0DE /* HomeTableViewCell.swift in Sources */ = {isa = PBXBuildFile; fileRef = 3FC2FDB9200F00D40006D0DE /* HomeTableViewCell.swift */; };
		3FCF3C1920292A2200ED4F77 /* CreateStudentAccountViewController.swift in Sources */ = {isa = PBXBuildFile; fileRef = 3FCF3C1820292A2200ED4F77 /* CreateStudentAccountViewController.swift */; };
		981E200D20C47091000513CE /* ViewPostViewCellViewController.swift in Sources */ = {isa = PBXBuildFile; fileRef = 981E200C20C47091000513CE /* ViewPostViewCellViewController.swift */; };
		9850558F212B464F00880874 /* CalendarTVCellForNotes.swift in Sources */ = {isa = PBXBuildFile; fileRef = 9850558E212B464F00880874 /* CalendarTVCellForNotes.swift */; };
		985DBC6D206B199600506D79 /* CalendarVC.swift in Sources */ = {isa = PBXBuildFile; fileRef = 985DBC6C206B199600506D79 /* CalendarVC.swift */; };
		985DBC6F206B1A0C00506D79 /* CalendarCVCell.swift in Sources */ = {isa = PBXBuildFile; fileRef = 985DBC6E206B1A0C00506D79 /* CalendarCVCell.swift */; };
		985DBC71206B1A5000506D79 /* CalendarTVCell.swift in Sources */ = {isa = PBXBuildFile; fileRef = 985DBC70206B1A5000506D79 /* CalendarTVCell.swift */; };
		9861396920CF60BD006E736B /* HomeTableViewCellWithoutImage.swift in Sources */ = {isa = PBXBuildFile; fileRef = 9861396820CF60BD006E736B /* HomeTableViewCellWithoutImage.swift */; };
		9861396D20CF60DF006E736B /* HomeTableViewCellWithoutDescription.swift in Sources */ = {isa = PBXBuildFile; fileRef = 9861396C20CF60DF006E736B /* HomeTableViewCellWithoutDescription.swift */; };
		9861396F20CF62DE006E736B /* HomeTableViewCellWithoutBoth.swift in Sources */ = {isa = PBXBuildFile; fileRef = 9861396E20CF62DE006E736B /* HomeTableViewCellWithoutBoth.swift */; };
		9861397320D6FF96006E736B /* ClubInfoVCTableViewCellWithoutBoth.swift in Sources */ = {isa = PBXBuildFile; fileRef = 9861397220D6FF96006E736B /* ClubInfoVCTableViewCellWithoutBoth.swift */; };
		9861397520D70231006E736B /* ClubInfoVCTableViewCellWithoutDescription.swift in Sources */ = {isa = PBXBuildFile; fileRef = 9861397420D70231006E736B /* ClubInfoVCTableViewCellWithoutDescription.swift */; };
		9861397720D753A0006E736B /* ClubInfoVCTableViewCellWithoutImage.swift in Sources */ = {isa = PBXBuildFile; fileRef = 9861397620D753A0006E736B /* ClubInfoVCTableViewCellWithoutImage.swift */; };
		986139BD20E85A8C006E736B /* ImageInPostCollectionViewCell.swift in Sources */ = {isa = PBXBuildFile; fileRef = 986139BC20E85A8C006E736B /* ImageInPostCollectionViewCell.swift */; };
		986139C120E89286006E736B /* PostedImageCollectionViewCellForNormal.swift in Sources */ = {isa = PBXBuildFile; fileRef = 986139C020E89286006E736B /* PostedImageCollectionViewCellForNormal.swift */; };
		986139C320E892AB006E736B /* PostedImageCollectionViewCellForWithoutDescription.swift in Sources */ = {isa = PBXBuildFile; fileRef = 986139C220E892AA006E736B /* PostedImageCollectionViewCellForWithoutDescription.swift */; };
		986139C520E97550006E736B /* PostedImageCVCellNormalAtClubInfoVC.swift in Sources */ = {isa = PBXBuildFile; fileRef = 986139C420E97550006E736B /* PostedImageCVCellNormalAtClubInfoVC.swift */; };
		986139C720E975BA006E736B /* PostedImageCVCellWithoutDescriptionAtClubInfoVC.swift in Sources */ = {isa = PBXBuildFile; fileRef = 986139C620E975BA006E736B /* PostedImageCVCellWithoutDescriptionAtClubInfoVC.swift */; };
		986139C920E993AD006E736B /* PostedImageCVCellAtViewPostVC.swift in Sources */ = {isa = PBXBuildFile; fileRef = 986139C820E993AD006E736B /* PostedImageCVCellAtViewPostVC.swift */; };
		9874787D206AEB41005C0395 /* GlobalVariables.swift in Sources */ = {isa = PBXBuildFile; fileRef = 9874787C206AEB41005C0395 /* GlobalVariables.swift */; };
		987DB48C20C3A24600441E52 /* ClubIInformationTableViewCell.swift in Sources */ = {isa = PBXBuildFile; fileRef = 987DB48B20C3A24600441E52 /* ClubIInformationTableViewCell.swift */; };
		989A49E321348BD500C1EE2B /* SelectSchoolViewController.swift in Sources */ = {isa = PBXBuildFile; fileRef = 989A49E221348BD500C1EE2B /* SelectSchoolViewController.swift */; };
		989A49E5213492C900C1EE2B /* SelectSchoolTableViewCell.swift in Sources */ = {isa = PBXBuildFile; fileRef = 989A49E4213492C900C1EE2B /* SelectSchoolTableViewCell.swift */; };
		98B534CC209EA55E001FA976 /* MoreViewController.swift in Sources */ = {isa = PBXBuildFile; fileRef = 98B534CB209EA55E001FA976 /* MoreViewController.swift */; };
		98B534CE209EB1F3001FA976 /* CreateNoteViewController.swift in Sources */ = {isa = PBXBuildFile; fileRef = 98B534CD209EB1F3001FA976 /* CreateNoteViewController.swift */; };
		98C7147320AD4C78001818B6 /* MoreTableViewCell.swift in Sources */ = {isa = PBXBuildFile; fileRef = 98C7147220AD4C78001818B6 /* MoreTableViewCell.swift */; };
/* End PBXBuildFile section */

/* Begin PBXFileReference section */
		33EED5102030F54300FAFADB /* ImageImporterViewController.swift */ = {isa = PBXFileReference; lastKnownFileType = sourcecode.swift; path = ImageImporterViewController.swift; sourceTree = "<group>"; };
		3F0B7BBD2005B474005BC1CC /* IDK.app */ = {isa = PBXFileReference; explicitFileType = wrapper.application; includeInIndex = 0; path = IDK.app; sourceTree = BUILT_PRODUCTS_DIR; };
		3F0B7BC02005B474005BC1CC /* AppDelegate.swift */ = {isa = PBXFileReference; lastKnownFileType = sourcecode.swift; path = AppDelegate.swift; sourceTree = "<group>"; };
		3F0B7BC22005B474005BC1CC /* FirstViewController.swift */ = {isa = PBXFileReference; lastKnownFileType = sourcecode.swift; path = FirstViewController.swift; sourceTree = "<group>"; };
		3F0B7BC42005B474005BC1CC /* SecondViewController.swift */ = {isa = PBXFileReference; lastKnownFileType = sourcecode.swift; path = SecondViewController.swift; sourceTree = "<group>"; };
		3F0B7BC72005B474005BC1CC /* Base */ = {isa = PBXFileReference; lastKnownFileType = file.storyboard; name = Base; path = Base.lproj/Main.storyboard; sourceTree = "<group>"; };
		3F0B7BC92005B474005BC1CC /* Assets.xcassets */ = {isa = PBXFileReference; lastKnownFileType = folder.assetcatalog; path = Assets.xcassets; sourceTree = "<group>"; };
		3F0B7BCC2005B474005BC1CC /* Base */ = {isa = PBXFileReference; lastKnownFileType = file.storyboard; name = Base; path = Base.lproj/LaunchScreen.storyboard; sourceTree = "<group>"; };
		3F0B7BCE2005B474005BC1CC /* Info.plist */ = {isa = PBXFileReference; lastKnownFileType = text.plist.xml; path = Info.plist; sourceTree = "<group>"; };
		3F1CC9D1201837B0007F0F89 /* CreatePostViewController.swift */ = {isa = PBXFileReference; fileEncoding = 4; lastKnownFileType = sourcecode.swift; name = CreatePostViewController.swift; path = ../CreatePostViewController.swift; sourceTree = "<group>"; };
		3F2AD06B200EAA450053136F /* HomeTableViewController.swift */ = {isa = PBXFileReference; fileEncoding = 4; lastKnownFileType = sourcecode.swift; name = HomeTableViewController.swift; path = ../HomeTableViewController.swift; sourceTree = "<group>"; };
		3F634579202293490089F29F /* CreateClubViewController.swift */ = {isa = PBXFileReference; fileEncoding = 4; lastKnownFileType = sourcecode.swift; name = CreateClubViewController.swift; path = ../CreateClubViewController.swift; sourceTree = "<group>"; };
		3F6D3DAE20166CA50030D95D /* UserTableViewController.swift */ = {isa = PBXFileReference; fileEncoding = 4; lastKnownFileType = sourcecode.swift; path = UserTableViewController.swift; sourceTree = "<group>"; };
		3F6D3DB020166DBC0030D95D /* UserTableViewCell.swift */ = {isa = PBXFileReference; fileEncoding = 4; lastKnownFileType = sourcecode.swift; name = UserTableViewCell.swift; path = ../UserTableViewCell.swift; sourceTree = "<group>"; };
		3F859367202A5A5B00DA2E76 /* ThirdViewController.swift */ = {isa = PBXFileReference; fileEncoding = 4; lastKnownFileType = sourcecode.swift; name = ThirdViewController.swift; path = ../ThirdViewController.swift; sourceTree = "<group>"; };
		3F9D9CB82033E24E002B94C9 /* DiscoverViewController.swift */ = {isa = PBXFileReference; fileEncoding = 4; lastKnownFileType = sourcecode.swift; name = DiscoverViewController.swift; path = ../DiscoverViewController.swift; sourceTree = "<group>"; };
		3F9D9CBA2033E262002B94C9 /* DiscoverCollectionViewCell.swift */ = {isa = PBXFileReference; fileEncoding = 4; lastKnownFileType = sourcecode.swift; name = DiscoverCollectionViewCell.swift; path = ../DiscoverCollectionViewCell.swift; sourceTree = "<group>"; };
		3F9D9CBC2033EB41002B94C9 /* ClubInformationViewController.swift */ = {isa = PBXFileReference; fileEncoding = 4; lastKnownFileType = sourcecode.swift; name = ClubInformationViewController.swift; path = ../ClubInformationViewController.swift; sourceTree = "<group>"; };
		3FC2FDB9200F00D40006D0DE /* HomeTableViewCell.swift */ = {isa = PBXFileReference; fileEncoding = 4; lastKnownFileType = sourcecode.swift; path = HomeTableViewCell.swift; sourceTree = "<group>"; };
		3FCF3C1820292A2200ED4F77 /* CreateStudentAccountViewController.swift */ = {isa = PBXFileReference; fileEncoding = 4; lastKnownFileType = sourcecode.swift; name = CreateStudentAccountViewController.swift; path = ../CreateStudentAccountViewController.swift; sourceTree = "<group>"; };
		981E200C20C47091000513CE /* ViewPostViewCellViewController.swift */ = {isa = PBXFileReference; fileEncoding = 4; lastKnownFileType = sourcecode.swift; name = ViewPostViewCellViewController.swift; path = ../ViewPostViewCellViewController.swift; sourceTree = "<group>"; };
		9850558E212B464F00880874 /* CalendarTVCellForNotes.swift */ = {isa = PBXFileReference; fileEncoding = 4; lastKnownFileType = sourcecode.swift; path = CalendarTVCellForNotes.swift; sourceTree = "<group>"; };
		985DBC6C206B199600506D79 /* CalendarVC.swift */ = {isa = PBXFileReference; lastKnownFileType = sourcecode.swift; name = CalendarVC.swift; path = ../CalendarVC.swift; sourceTree = "<group>"; };
		985DBC6E206B1A0C00506D79 /* CalendarCVCell.swift */ = {isa = PBXFileReference; lastKnownFileType = sourcecode.swift; name = CalendarCVCell.swift; path = ../CalendarCVCell.swift; sourceTree = "<group>"; };
		985DBC70206B1A5000506D79 /* CalendarTVCell.swift */ = {isa = PBXFileReference; lastKnownFileType = sourcecode.swift; name = CalendarTVCell.swift; path = ../CalendarTVCell.swift; sourceTree = "<group>"; };
		9861396820CF60BD006E736B /* HomeTableViewCellWithoutImage.swift */ = {isa = PBXFileReference; fileEncoding = 4; lastKnownFileType = sourcecode.swift; name = HomeTableViewCellWithoutImage.swift; path = ../HomeTableViewCellWithoutImage.swift; sourceTree = "<group>"; };
		9861396C20CF60DF006E736B /* HomeTableViewCellWithoutDescription.swift */ = {isa = PBXFileReference; fileEncoding = 4; lastKnownFileType = sourcecode.swift; name = HomeTableViewCellWithoutDescription.swift; path = ../HomeTableViewCellWithoutDescription.swift; sourceTree = "<group>"; };
		9861396E20CF62DE006E736B /* HomeTableViewCellWithoutBoth.swift */ = {isa = PBXFileReference; fileEncoding = 4; lastKnownFileType = sourcecode.swift; name = HomeTableViewCellWithoutBoth.swift; path = ../HomeTableViewCellWithoutBoth.swift; sourceTree = "<group>"; };
		9861397220D6FF96006E736B /* ClubInfoVCTableViewCellWithoutBoth.swift */ = {isa = PBXFileReference; fileEncoding = 4; lastKnownFileType = sourcecode.swift; name = ClubInfoVCTableViewCellWithoutBoth.swift; path = ../ClubInfoVCTableViewCellWithoutBoth.swift; sourceTree = "<group>"; };
		9861397420D70231006E736B /* ClubInfoVCTableViewCellWithoutDescription.swift */ = {isa = PBXFileReference; fileEncoding = 4; lastKnownFileType = sourcecode.swift; name = ClubInfoVCTableViewCellWithoutDescription.swift; path = ../ClubInfoVCTableViewCellWithoutDescription.swift; sourceTree = "<group>"; };
		9861397620D753A0006E736B /* ClubInfoVCTableViewCellWithoutImage.swift */ = {isa = PBXFileReference; fileEncoding = 4; lastKnownFileType = sourcecode.swift; name = ClubInfoVCTableViewCellWithoutImage.swift; path = ../ClubInfoVCTableViewCellWithoutImage.swift; sourceTree = "<group>"; };
		986139BC20E85A8C006E736B /* ImageInPostCollectionViewCell.swift */ = {isa = PBXFileReference; fileEncoding = 4; lastKnownFileType = sourcecode.swift; name = ImageInPostCollectionViewCell.swift; path = ../ImageInPostCollectionViewCell.swift; sourceTree = "<group>"; };
		986139C020E89286006E736B /* PostedImageCollectionViewCellForNormal.swift */ = {isa = PBXFileReference; fileEncoding = 4; lastKnownFileType = sourcecode.swift; name = PostedImageCollectionViewCellForNormal.swift; path = ../PostedImageCollectionViewCellForNormal.swift; sourceTree = "<group>"; };
		986139C220E892AA006E736B /* PostedImageCollectionViewCellForWithoutDescription.swift */ = {isa = PBXFileReference; fileEncoding = 4; lastKnownFileType = sourcecode.swift; path = PostedImageCollectionViewCellForWithoutDescription.swift; sourceTree = "<group>"; };
		986139C420E97550006E736B /* PostedImageCVCellNormalAtClubInfoVC.swift */ = {isa = PBXFileReference; fileEncoding = 4; lastKnownFileType = sourcecode.swift; path = PostedImageCVCellNormalAtClubInfoVC.swift; sourceTree = "<group>"; };
		986139C620E975BA006E736B /* PostedImageCVCellWithoutDescriptionAtClubInfoVC.swift */ = {isa = PBXFileReference; fileEncoding = 4; lastKnownFileType = sourcecode.swift; path = PostedImageCVCellWithoutDescriptionAtClubInfoVC.swift; sourceTree = "<group>"; };
		986139C820E993AD006E736B /* PostedImageCVCellAtViewPostVC.swift */ = {isa = PBXFileReference; fileEncoding = 4; lastKnownFileType = sourcecode.swift; path = PostedImageCVCellAtViewPostVC.swift; sourceTree = "<group>"; };
		9874787C206AEB41005C0395 /* GlobalVariables.swift */ = {isa = PBXFileReference; lastKnownFileType = sourcecode.swift; path = GlobalVariables.swift; sourceTree = "<group>"; };
		987DB48B20C3A24600441E52 /* ClubIInformationTableViewCell.swift */ = {isa = PBXFileReference; fileEncoding = 4; lastKnownFileType = sourcecode.swift; name = ClubIInformationTableViewCell.swift; path = ../ClubIInformationTableViewCell.swift; sourceTree = "<group>"; };
		989A49E221348BD500C1EE2B /* SelectSchoolViewController.swift */ = {isa = PBXFileReference; fileEncoding = 4; lastKnownFileType = sourcecode.swift; name = SelectSchoolViewController.swift; path = ../SelectSchoolViewController.swift; sourceTree = "<group>"; };
		989A49E4213492C900C1EE2B /* SelectSchoolTableViewCell.swift */ = {isa = PBXFileReference; fileEncoding = 4; lastKnownFileType = sourcecode.swift; path = SelectSchoolTableViewCell.swift; sourceTree = "<group>"; };
		98B534CB209EA55E001FA976 /* MoreViewController.swift */ = {isa = PBXFileReference; fileEncoding = 4; lastKnownFileType = sourcecode.swift; name = MoreViewController.swift; path = ../MoreViewController.swift; sourceTree = "<group>"; };
		98B534CD209EB1F3001FA976 /* CreateNoteViewController.swift */ = {isa = PBXFileReference; fileEncoding = 4; lastKnownFileType = sourcecode.swift; name = CreateNoteViewController.swift; path = ../CreateNoteViewController.swift; sourceTree = "<group>"; };
		98C7147220AD4C78001818B6 /* MoreTableViewCell.swift */ = {isa = PBXFileReference; fileEncoding = 4; lastKnownFileType = sourcecode.swift; name = MoreTableViewCell.swift; path = ../MoreTableViewCell.swift; sourceTree = "<group>"; };
/* End PBXFileReference section */

/* Begin PBXFrameworksBuildPhase section */
		3F0B7BBA2005B474005BC1CC /* Frameworks */ = {
			isa = PBXFrameworksBuildPhase;
			buildActionMask = 2147483647;
			files = (
			);
			runOnlyForDeploymentPostprocessing = 0;
		};
/* End PBXFrameworksBuildPhase section */

/* Begin PBXGroup section */
		3F0B7BB42005B474005BC1CC = {
			isa = PBXGroup;
			children = (
				3F0B7BBF2005B474005BC1CC /* IDK */,
				3F0B7BBE2005B474005BC1CC /* Products */,
			);
			sourceTree = "<group>";
		};
		3F0B7BBE2005B474005BC1CC /* Products */ = {
			isa = PBXGroup;
			children = (
				3F0B7BBD2005B474005BC1CC /* IDK.app */,
			);
			name = Products;
			sourceTree = "<group>";
		};
		3F0B7BBF2005B474005BC1CC /* IDK */ = {
			isa = PBXGroup;
			children = (
				3F0B7BC02005B474005BC1CC /* AppDelegate.swift */,
				3F0B7BC92005B474005BC1CC /* Assets.xcassets */,
				985DBC6E206B1A0C00506D79 /* CalendarCVCell.swift */,
				985DBC70206B1A5000506D79 /* CalendarTVCell.swift */,
				9850558E212B464F00880874 /* CalendarTVCellForNotes.swift */,
				985DBC6C206B199600506D79 /* CalendarVC.swift */,
				987DB48B20C3A24600441E52 /* ClubIInformationTableViewCell.swift */,
				3F9D9CBC2033EB41002B94C9 /* ClubInformationViewController.swift */,
				9861397220D6FF96006E736B /* ClubInfoVCTableViewCellWithoutBoth.swift */,
				9861397420D70231006E736B /* ClubInfoVCTableViewCellWithoutDescription.swift */,
				9861397620D753A0006E736B /* ClubInfoVCTableViewCellWithoutImage.swift */,
				3F634579202293490089F29F /* CreateClubViewController.swift */,
				98B534CD209EB1F3001FA976 /* CreateNoteViewController.swift */,
				3F1CC9D1201837B0007F0F89 /* CreatePostViewController.swift */,
				3FCF3C1820292A2200ED4F77 /* CreateStudentAccountViewController.swift */,
				3F9D9CBA2033E262002B94C9 /* DiscoverCollectionViewCell.swift */,
				3F9D9CB82033E24E002B94C9 /* DiscoverViewController.swift */,
				3F0B7BC22005B474005BC1CC /* FirstViewController.swift */,
				9874787C206AEB41005C0395 /* GlobalVariables.swift */,
				3FC2FDB9200F00D40006D0DE /* HomeTableViewCell.swift */,
				9861396E20CF62DE006E736B /* HomeTableViewCellWithoutBoth.swift */,
				9861396C20CF60DF006E736B /* HomeTableViewCellWithoutDescription.swift */,
				9861396820CF60BD006E736B /* HomeTableViewCellWithoutImage.swift */,
				3F2AD06B200EAA450053136F /* HomeTableViewController.swift */,
				33EED5102030F54300FAFADB /* ImageImporterViewController.swift */,
				986139BC20E85A8C006E736B /* ImageInPostCollectionViewCell.swift */,
				3F0B7BCE2005B474005BC1CC /* Info.plist */,
				3F0B7BCB2005B474005BC1CC /* LaunchScreen.storyboard */,
				3F0B7BC62005B474005BC1CC /* Main.storyboard */,
				98C7147220AD4C78001818B6 /* MoreTableViewCell.swift */,
				98B534CB209EA55E001FA976 /* MoreViewController.swift */,
				986139C020E89286006E736B /* PostedImageCollectionViewCellForNormal.swift */,
				986139C220E892AA006E736B /* PostedImageCollectionViewCellForWithoutDescription.swift */,
				986139C820E993AD006E736B /* PostedImageCVCellAtViewPostVC.swift */,
				986139C420E97550006E736B /* PostedImageCVCellNormalAtClubInfoVC.swift */,
				986139C620E975BA006E736B /* PostedImageCVCellWithoutDescriptionAtClubInfoVC.swift */,
				3F0B7BC42005B474005BC1CC /* SecondViewController.swift */,
				989A49E4213492C900C1EE2B /* SelectSchoolTableViewCell.swift */,
				989A49E221348BD500C1EE2B /* SelectSchoolViewController.swift */,
				3F859367202A5A5B00DA2E76 /* ThirdViewController.swift */,
				3F6D3DB020166DBC0030D95D /* UserTableViewCell.swift */,
				3F6D3DAE20166CA50030D95D /* UserTableViewController.swift */,
				981E200C20C47091000513CE /* ViewPostViewCellViewController.swift */,
			);
			path = IDK;
			sourceTree = "<group>";
		};
/* End PBXGroup section */

/* Begin PBXNativeTarget section */
		3F0B7BBC2005B474005BC1CC /* IDK */ = {
			isa = PBXNativeTarget;
			buildConfigurationList = 3F0B7BD12005B474005BC1CC /* Build configuration list for PBXNativeTarget "IDK" */;
			buildPhases = (
				3F0B7BB92005B474005BC1CC /* Sources */,
				3F0B7BBA2005B474005BC1CC /* Frameworks */,
				3F0B7BBB2005B474005BC1CC /* Resources */,
			);
			buildRules = (
			);
			dependencies = (
			);
			name = IDK;
			productName = IDK;
			productReference = 3F0B7BBD2005B474005BC1CC /* IDK.app */;
			productType = "com.apple.product-type.application";
		};
/* End PBXNativeTarget section */

/* Begin PBXProject section */
		3F0B7BB52005B474005BC1CC /* Project object */ = {
			isa = PBXProject;
			attributes = {
				LastSwiftUpdateCheck = 0830;
				LastUpgradeCheck = 0920;
				ORGANIZATIONNAME = "No Clue";
				TargetAttributes = {
					3F0B7BBC2005B474005BC1CC = {
						CreatedOnToolsVersion = 8.3.3;
						LastSwiftMigration = 0920;
						ProvisioningStyle = Automatic;
					};
				};
			};
			buildConfigurationList = 3F0B7BB82005B474005BC1CC /* Build configuration list for PBXProject "IDK" */;
			compatibilityVersion = "Xcode 3.2";
			developmentRegion = English;
			hasScannedForEncodings = 0;
			knownRegions = (
				en,
				Base,
			);
			mainGroup = 3F0B7BB42005B474005BC1CC;
			productRefGroup = 3F0B7BBE2005B474005BC1CC /* Products */;
			projectDirPath = "";
			projectRoot = "";
			targets = (
				3F0B7BBC2005B474005BC1CC /* IDK */,
			);
		};
/* End PBXProject section */

/* Begin PBXResourcesBuildPhase section */
		3F0B7BBB2005B474005BC1CC /* Resources */ = {
			isa = PBXResourcesBuildPhase;
			buildActionMask = 2147483647;
			files = (
				3F0B7BCD2005B474005BC1CC /* LaunchScreen.storyboard in Resources */,
				3F0B7BCA2005B474005BC1CC /* Assets.xcassets in Resources */,
				3F0B7BC82005B474005BC1CC /* Main.storyboard in Resources */,
			);
			runOnlyForDeploymentPostprocessing = 0;
		};
/* End PBXResourcesBuildPhase section */

/* Begin PBXSourcesBuildPhase section */
		3F0B7BB92005B474005BC1CC /* Sources */ = {
			isa = PBXSourcesBuildPhase;
			buildActionMask = 2147483647;
			files = (
				9874787D206AEB41005C0395 /* GlobalVariables.swift in Sources */,
				9861397720D753A0006E736B /* ClubInfoVCTableViewCellWithoutImage.swift in Sources */,
				986139C520E97550006E736B /* PostedImageCVCellNormalAtClubInfoVC.swift in Sources */,
				33EED5112030F54300FAFADB /* ImageImporterViewController.swift in Sources */,
				985DBC6D206B199600506D79 /* CalendarVC.swift in Sources */,
				3F2AD06C200EAA450053136F /* HomeTableViewController.swift in Sources */,
				986139C720E975BA006E736B /* PostedImageCVCellWithoutDescriptionAtClubInfoVC.swift in Sources */,
				3FC2FDBA200F00D40006D0DE /* HomeTableViewCell.swift in Sources */,
				9861396D20CF60DF006E736B /* HomeTableViewCellWithoutDescription.swift in Sources */,
				989A49E5213492C900C1EE2B /* SelectSchoolTableViewCell.swift in Sources */,
				98B534CC209EA55E001FA976 /* MoreViewController.swift in Sources */,
				9850558F212B464F00880874 /* CalendarTVCellForNotes.swift in Sources */,
				3F9D9CBD2033EB41002B94C9 /* ClubInformationViewController.swift in Sources */,
				3F1CC9D2201837B0007F0F89 /* CreatePostViewController.swift in Sources */,
				3F9D9CBB2033E262002B94C9 /* DiscoverCollectionViewCell.swift in Sources */,
				3F6D3DB120166DBC0030D95D /* UserTableViewCell.swift in Sources */,
				986139C320E892AB006E736B /* PostedImageCollectionViewCellForWithoutDescription.swift in Sources */,
				9861396920CF60BD006E736B /* HomeTableViewCellWithoutImage.swift in Sources */,
				981E200D20C47091000513CE /* ViewPostViewCellViewController.swift in Sources */,
				3FCF3C1920292A2200ED4F77 /* CreateStudentAccountViewController.swift in Sources */,
				985DBC6F206B1A0C00506D79 /* CalendarCVCell.swift in Sources */,
				986139C120E89286006E736B /* PostedImageCollectionViewCellForNormal.swift in Sources */,
				986139C920E993AD006E736B /* PostedImageCVCellAtViewPostVC.swift in Sources */,
				98C7147320AD4C78001818B6 /* MoreTableViewCell.swift in Sources */,
				3F9D9CB92033E24E002B94C9 /* DiscoverViewController.swift in Sources */,
				989A49E321348BD500C1EE2B /* SelectSchoolViewController.swift in Sources */,
				3F859368202A5A5B00DA2E76 /* ThirdViewController.swift in Sources */,
				9861397520D70231006E736B /* ClubInfoVCTableViewCellWithoutDescription.swift in Sources */,
				3F63457A202293490089F29F /* CreateClubViewController.swift in Sources */,
				3F0B7BC52005B474005BC1CC /* SecondViewController.swift in Sources */,
				3F0B7BC12005B474005BC1CC /* AppDelegate.swift in Sources */,
				3F6D3DAF20166CA50030D95D /* UserTableViewController.swift in Sources */,
				9861397320D6FF96006E736B /* ClubInfoVCTableViewCellWithoutBoth.swift in Sources */,
				3F0B7BC32005B474005BC1CC /* FirstViewController.swift in Sources */,
				9861396F20CF62DE006E736B /* HomeTableViewCellWithoutBoth.swift in Sources */,
				98B534CE209EB1F3001FA976 /* CreateNoteViewController.swift in Sources */,
				986139BD20E85A8C006E736B /* ImageInPostCollectionViewCell.swift in Sources */,
				985DBC71206B1A5000506D79 /* CalendarTVCell.swift in Sources */,
				987DB48C20C3A24600441E52 /* ClubIInformationTableViewCell.swift in Sources */,
			);
			runOnlyForDeploymentPostprocessing = 0;
		};
/* End PBXSourcesBuildPhase section */

/* Begin PBXVariantGroup section */
		3F0B7BC62005B474005BC1CC /* Main.storyboard */ = {
			isa = PBXVariantGroup;
			children = (
				3F0B7BC72005B474005BC1CC /* Base */,
			);
			name = Main.storyboard;
			sourceTree = "<group>";
		};
		3F0B7BCB2005B474005BC1CC /* LaunchScreen.storyboard */ = {
			isa = PBXVariantGroup;
			children = (
				3F0B7BCC2005B474005BC1CC /* Base */,
			);
			name = LaunchScreen.storyboard;
			sourceTree = "<group>";
		};
/* End PBXVariantGroup section */

/* Begin XCBuildConfiguration section */
		3F0B7BCF2005B474005BC1CC /* Debug */ = {
			isa = XCBuildConfiguration;
			buildSettings = {
				ALWAYS_SEARCH_USER_PATHS = NO;
				CLANG_ANALYZER_NONNULL = YES;
				CLANG_ANALYZER_NUMBER_OBJECT_CONVERSION = YES_AGGRESSIVE;
				CLANG_CXX_LANGUAGE_STANDARD = "gnu++0x";
				CLANG_CXX_LIBRARY = "libc++";
				CLANG_ENABLE_MODULES = YES;
				CLANG_ENABLE_OBJC_ARC = YES;
				CLANG_WARN_BLOCK_CAPTURE_AUTORELEASING = YES;
				CLANG_WARN_BOOL_CONVERSION = YES;
				CLANG_WARN_COMMA = YES;
				CLANG_WARN_CONSTANT_CONVERSION = YES;
				CLANG_WARN_DIRECT_OBJC_ISA_USAGE = YES_ERROR;
				CLANG_WARN_DOCUMENTATION_COMMENTS = YES;
				CLANG_WARN_EMPTY_BODY = YES;
				CLANG_WARN_ENUM_CONVERSION = YES;
				CLANG_WARN_INFINITE_RECURSION = YES;
				CLANG_WARN_INT_CONVERSION = YES;
				CLANG_WARN_NON_LITERAL_NULL_CONVERSION = YES;
				CLANG_WARN_OBJC_LITERAL_CONVERSION = YES;
				CLANG_WARN_OBJC_ROOT_CLASS = YES_ERROR;
				CLANG_WARN_RANGE_LOOP_ANALYSIS = YES;
				CLANG_WARN_STRICT_PROTOTYPES = YES;
				CLANG_WARN_SUSPICIOUS_MOVE = YES;
				CLANG_WARN_UNREACHABLE_CODE = YES;
				CLANG_WARN__DUPLICATE_METHOD_MATCH = YES;
				"CODE_SIGN_IDENTITY[sdk=iphoneos*]" = "iPhone Developer";
				COPY_PHASE_STRIP = NO;
				DEBUG_INFORMATION_FORMAT = dwarf;
				ENABLE_STRICT_OBJC_MSGSEND = YES;
				ENABLE_TESTABILITY = YES;
				GCC_C_LANGUAGE_STANDARD = gnu99;
				GCC_DYNAMIC_NO_PIC = NO;
				GCC_NO_COMMON_BLOCKS = YES;
				GCC_OPTIMIZATION_LEVEL = 0;
				GCC_PREPROCESSOR_DEFINITIONS = (
					"DEBUG=1",
					"$(inherited)",
				);
				GCC_WARN_64_TO_32_BIT_CONVERSION = YES;
				GCC_WARN_ABOUT_RETURN_TYPE = YES_ERROR;
				GCC_WARN_UNDECLARED_SELECTOR = YES;
				GCC_WARN_UNINITIALIZED_AUTOS = YES_AGGRESSIVE;
				GCC_WARN_UNUSED_FUNCTION = YES;
				GCC_WARN_UNUSED_VARIABLE = YES;
				IPHONEOS_DEPLOYMENT_TARGET = 10.3;
				MTL_ENABLE_DEBUG_INFO = YES;
				ONLY_ACTIVE_ARCH = YES;
				SDKROOT = iphoneos;
				SWIFT_ACTIVE_COMPILATION_CONDITIONS = DEBUG;
				SWIFT_OPTIMIZATION_LEVEL = "-Onone";
				TARGETED_DEVICE_FAMILY = "1,2";
			};
			name = Debug;
		};
		3F0B7BD02005B474005BC1CC /* Release */ = {
			isa = XCBuildConfiguration;
			buildSettings = {
				ALWAYS_SEARCH_USER_PATHS = NO;
				CLANG_ANALYZER_NONNULL = YES;
				CLANG_ANALYZER_NUMBER_OBJECT_CONVERSION = YES_AGGRESSIVE;
				CLANG_CXX_LANGUAGE_STANDARD = "gnu++0x";
				CLANG_CXX_LIBRARY = "libc++";
				CLANG_ENABLE_MODULES = YES;
				CLANG_ENABLE_OBJC_ARC = YES;
				CLANG_WARN_BLOCK_CAPTURE_AUTORELEASING = YES;
				CLANG_WARN_BOOL_CONVERSION = YES;
				CLANG_WARN_COMMA = YES;
				CLANG_WARN_CONSTANT_CONVERSION = YES;
				CLANG_WARN_DIRECT_OBJC_ISA_USAGE = YES_ERROR;
				CLANG_WARN_DOCUMENTATION_COMMENTS = YES;
				CLANG_WARN_EMPTY_BODY = YES;
				CLANG_WARN_ENUM_CONVERSION = YES;
				CLANG_WARN_INFINITE_RECURSION = YES;
				CLANG_WARN_INT_CONVERSION = YES;
				CLANG_WARN_NON_LITERAL_NULL_CONVERSION = YES;
				CLANG_WARN_OBJC_LITERAL_CONVERSION = YES;
				CLANG_WARN_OBJC_ROOT_CLASS = YES_ERROR;
				CLANG_WARN_RANGE_LOOP_ANALYSIS = YES;
				CLANG_WARN_STRICT_PROTOTYPES = YES;
				CLANG_WARN_SUSPICIOUS_MOVE = YES;
				CLANG_WARN_UNREACHABLE_CODE = YES;
				CLANG_WARN__DUPLICATE_METHOD_MATCH = YES;
				"CODE_SIGN_IDENTITY[sdk=iphoneos*]" = "iPhone Developer";
				COPY_PHASE_STRIP = NO;
				DEBUG_INFORMATION_FORMAT = "dwarf-with-dsym";
				ENABLE_NS_ASSERTIONS = NO;
				ENABLE_STRICT_OBJC_MSGSEND = YES;
				GCC_C_LANGUAGE_STANDARD = gnu99;
				GCC_NO_COMMON_BLOCKS = YES;
				GCC_WARN_64_TO_32_BIT_CONVERSION = YES;
				GCC_WARN_ABOUT_RETURN_TYPE = YES_ERROR;
				GCC_WARN_UNDECLARED_SELECTOR = YES;
				GCC_WARN_UNINITIALIZED_AUTOS = YES_AGGRESSIVE;
				GCC_WARN_UNUSED_FUNCTION = YES;
				GCC_WARN_UNUSED_VARIABLE = YES;
				IPHONEOS_DEPLOYMENT_TARGET = 10.3;
				MTL_ENABLE_DEBUG_INFO = NO;
				SDKROOT = iphoneos;
				SWIFT_OPTIMIZATION_LEVEL = "-Owholemodule";
				TARGETED_DEVICE_FAMILY = "1,2";
				VALIDATE_PRODUCT = YES;
			};
			name = Release;
		};
		3F0B7BD22005B474005BC1CC /* Debug */ = {
			isa = XCBuildConfiguration;
			buildSettings = {
				ASSETCATALOG_COMPILER_APPICON_NAME = AppIcon;
				INFOPLIST_FILE = IDK/Info.plist;
				IPHONEOS_DEPLOYMENT_TARGET = 10.3;
				LD_RUNPATH_SEARCH_PATHS = "$(inherited) @executable_path/Frameworks";
				PRODUCT_BUNDLE_IDENTIFIER = "No-Clue.IDK";
				PRODUCT_NAME = "$(TARGET_NAME)";
				SWIFT_SWIFT3_OBJC_INFERENCE = Default;
				SWIFT_VERSION = 3.0;
			};
			name = Debug;
		};
		3F0B7BD32005B474005BC1CC /* Release */ = {
			isa = XCBuildConfiguration;
			buildSettings = {
				ASSETCATALOG_COMPILER_APPICON_NAME = AppIcon;
				INFOPLIST_FILE = IDK/Info.plist;
				IPHONEOS_DEPLOYMENT_TARGET = 10.3;
				LD_RUNPATH_SEARCH_PATHS = "$(inherited) @executable_path/Frameworks";
				PRODUCT_BUNDLE_IDENTIFIER = "No-Clue.IDK";
				PRODUCT_NAME = "$(TARGET_NAME)";
				SWIFT_SWIFT3_OBJC_INFERENCE = Default;
				SWIFT_VERSION = 3.0;
			};
			name = Release;
		};
/* End XCBuildConfiguration section */

/* Begin XCConfigurationList section */
		3F0B7BB82005B474005BC1CC /* Build configuration list for PBXProject "IDK" */ = {
			isa = XCConfigurationList;
			buildConfigurations = (
				3F0B7BCF2005B474005BC1CC /* Debug */,
				3F0B7BD02005B474005BC1CC /* Release */,
			);
			defaultConfigurationIsVisible = 0;
			defaultConfigurationName = Release;
		};
		3F0B7BD12005B474005BC1CC /* Build configuration list for PBXNativeTarget "IDK" */ = {
			isa = XCConfigurationList;
			buildConfigurations = (
				3F0B7BD22005B474005BC1CC /* Debug */,
				3F0B7BD32005B474005BC1CC /* Release */,
			);
			defaultConfigurationIsVisible = 0;
			defaultConfigurationName = Release;
		};
/* End XCConfigurationList section */
	};
	rootObject = 3F0B7BB52005B474005BC1CC /* Project object */;
}
